
Microsoft Visual Studio Solution File, Format Version 12.00
# Visual Studio Version 17
VisualStudioVersion = 17.4.33122.133
MinimumVisualStudioVersion = 10.0.40219.1
Project("{9A19103F-16F7-4668-BE54-9A1E7A4F7556}") = "AngouriMath_App", "AngouriMath_App\AngouriMath_App.csproj", "{190D41D2-9C15-4FCA-86F4-0C413299958E}"
EndProject
Global
	GlobalSection(SolutionConfigurationPlatforms) = preSolution
		Debug|Any CPU = Debug|Any CPU
		Release|Any CPU = Release|Any CPU
	EndGlobalSection
	GlobalSection(ProjectConfigurationPlatforms) = postSolution
		{190D41D2-9C15-4FCA-86F4-0C413299958E}.Debug|Any CPU.ActiveCfg = Debug|Any CPU
		{190D41D2-9C15-4FCA-86F4-0C413299958E}.Debug|Any CPU.Build.0 = Debug|Any CPU
		{190D41D2-9C15-4FCA-86F4-0C413299958E}.Release|Any CPU.ActiveCfg = Release|Any CPU
		{190D41D2-9C15-4FCA-86F4-0C413299958E}.Release|Any CPU.Build.0 = Release|Any CPU
	EndGlobalSection
	GlobalSection(SolutionProperties) = preSolution
		HideSolutionNode = FALSE
	EndGlobalSection
	GlobalSection(ExtensibilityGlobals) = postSolution
		SolutionGuid = {7C4B65A5-B9DF-4494-A869-1C1A25E3D7CA}
	EndGlobalSection
EndGlobal
